
Microsoft Visual Studio Solution File, Format Version 12.00
# Visual Studio Version 17
VisualStudioVersion = 17.4.33205.214
MinimumVisualStudioVersion = 10.0.40219.1
Project("{FAE04EC0-301F-11D3-BF4B-00C04F79EFBC}") = "TestProj", "TestProj\TestProj.csproj", "{6561872A-6CC3-45C0-8F59-7A0D9D6C0782}"
EndProject
Global
	GlobalSection(SolutionConfigurationPlatforms) = preSolution
		Debug|Any CPU = Debug|Any CPU
		Release|Any CPU = Release|Any CPU
	EndGlobalSection
	GlobalSection(ProjectConfigurationPlatforms) = postSolution
		{6561872A-6CC3-45C0-8F59-7A0D9D6C0782}.Debug|Any CPU.ActiveCfg = Debug|Any CPU
		{6561872A-6CC3-45C0-8F59-7A0D9D6C0782}.Debug|Any CPU.Build.0 = Debug|Any CPU
		{6561872A-6CC3-45C0-8F59-7A0D9D6C0782}.Release|Any CPU.ActiveCfg = Release|Any CPU
		{6561872A-6CC3-45C0-8F59-7A0D9D6C0782}.Release|Any CPU.Build.0 = Release|Any CPU
	EndGlobalSection
	GlobalSection(SolutionProperties) = preSolution
		HideSolutionNode = FALSE
	EndGlobalSection
	GlobalSection(ExtensibilityGlobals) = postSolution
		SolutionGuid = {29357CE1-40A6-4152-8C66-F7D7DFB786FC}
	EndGlobalSection
EndGlobal
